// !$*UTF8*$!
{
	archiveVersion = 1;
	classes = {
	};
	objectVersion = 46;
	objects = {

/* Begin PBXBuildFile section */
		CD119FB31FEC7884000C943E /* DetailViewController.swift in Sources */ = {isa = PBXBuildFile; fileRef = CD119FB21FEC7884000C943E /* DetailViewController.swift */; };
		CD7D297A1FEBF3FC0098050E /* AppDelegate.swift in Sources */ = {isa = PBXBuildFile; fileRef = CD7D29791FEBF3FC0098050E /* AppDelegate.swift */; };
		CD7D297C1FEBF3FC0098050E /* ViewController.swift in Sources */ = {isa = PBXBuildFile; fileRef = CD7D297B1FEBF3FC0098050E /* ViewController.swift */; };
		CD7D297F1FEBF3FC0098050E /* Main.storyboard in Resources */ = {isa = PBXBuildFile; fileRef = CD7D297D1FEBF3FC0098050E /* Main.storyboard */; };
		CD7D29821FEBF3FC0098050E /* ASS2.xcdatamodeld in Sources */ = {isa = PBXBuildFile; fileRef = CD7D29801FEBF3FC0098050E /* ASS2.xcdatamodeld */; };
		CD7D29841FEBF3FC0098050E /* Assets.xcassets in Resources */ = {isa = PBXBuildFile; fileRef = CD7D29831FEBF3FC0098050E /* Assets.xcassets */; };
		CD7D29871FEBF3FC0098050E /* LaunchScreen.storyboard in Resources */ = {isa = PBXBuildFile; fileRef = CD7D29851FEBF3FC0098050E /* LaunchScreen.storyboard */; };
		CD7D298F1FEC03F50098050E /* PayTableViewController.swift in Sources */ = {isa = PBXBuildFile; fileRef = CD7D298E1FEC03F50098050E /* PayTableViewController.swift */; };
		CD7D29911FEC04120098050E /* PayViewController.swift in Sources */ = {isa = PBXBuildFile; fileRef = CD7D29901FEC04120098050E /* PayViewController.swift */; };
		CD7D29931FEC13AE0098050E /* AramViewController.swift in Sources */ = {isa = PBXBuildFile; fileRef = CD7D29921FEC13AE0098050E /* AramViewController.swift */; };
		CD7D299F1FEC4AFE0098050E /* CalViewController.swift in Sources */ = {isa = PBXBuildFile; fileRef = CD7D299E1FEC4AFE0098050E /* CalViewController.swift */; };
		CD7D29A11FEC541F0098050E /* CalTableViewController.swift in Sources */ = {isa = PBXBuildFile; fileRef = CD7D29A01FEC541F0098050E /* CalTableViewController.swift */; };
		CD7D29A31FEC5AC30098050E /* MapViewController.swift in Sources */ = {isa = PBXBuildFile; fileRef = CD7D29A21FEC5AC30098050E /* MapViewController.swift */; };
		CD7D29A51FEC623E0098050E /* Home.swift in Sources */ = {isa = PBXBuildFile; fileRef = CD7D29A41FEC623E0098050E /* Home.swift */; };
/* End PBXBuildFile section */

/* Begin PBXFileReference section */
		CD119FB21FEC7884000C943E /* DetailViewController.swift */ = {isa = PBXFileReference; fileEncoding = 4; lastKnownFileType = sourcecode.swift; path = DetailViewController.swift; sourceTree = "<group>"; };
		CD7D29761FEBF3FC0098050E /* ASS2.app */ = {isa = PBXFileReference; explicitFileType = wrapper.application; includeInIndex = 0; path = ASS2.app; sourceTree = BUILT_PRODUCTS_DIR; };
		CD7D29791FEBF3FC0098050E /* AppDelegate.swift */ = {isa = PBXFileReference; lastKnownFileType = sourcecode.swift; path = AppDelegate.swift; sourceTree = "<group>"; };
		CD7D297B1FEBF3FC0098050E /* ViewController.swift */ = {isa = PBXFileReference; lastKnownFileType = sourcecode.swift; path = ViewController.swift; sourceTree = "<group>"; };
		CD7D297E1FEBF3FC0098050E /* Base */ = {isa = PBXFileReference; lastKnownFileType = file.storyboard; name = Base; path = Base.lproj/Main.storyboard; sourceTree = "<group>"; };
		CD7D29811FEBF3FC0098050E /* ASS2.xcdatamodel */ = {isa = PBXFileReference; lastKnownFileType = wrapper.xcdatamodel; path = ASS2.xcdatamodel; sourceTree = "<group>"; };
		CD7D29831FEBF3FC0098050E /* Assets.xcassets */ = {isa = PBXFileReference; lastKnownFileType = folder.assetcatalog; path = Assets.xcassets; sourceTree = "<group>"; };
		CD7D29861FEBF3FC0098050E /* Base */ = {isa = PBXFileReference; lastKnownFileType = file.storyboard; name = Base; path = Base.lproj/LaunchScreen.storyboard; sourceTree = "<group>"; };
		CD7D29881FEBF3FC0098050E /* Info.plist */ = {isa = PBXFileReference; lastKnownFileType = text.plist.xml; path = Info.plist; sourceTree = "<group>"; };
		CD7D298E1FEC03F50098050E /* PayTableViewController.swift */ = {isa = PBXFileReference; fileEncoding = 4; lastKnownFileType = sourcecode.swift; path = PayTableViewController.swift; sourceTree = "<group>"; };
		CD7D29901FEC04120098050E /* PayViewController.swift */ = {isa = PBXFileReference; fileEncoding = 4; lastKnownFileType = sourcecode.swift; path = PayViewController.swift; sourceTree = "<group>"; };
		CD7D29921FEC13AE0098050E /* AramViewController.swift */ = {isa = PBXFileReference; fileEncoding = 4; lastKnownFileType = sourcecode.swift; path = AramViewController.swift; sourceTree = "<group>"; };
		CD7D299E1FEC4AFE0098050E /* CalViewController.swift */ = {isa = PBXFileReference; fileEncoding = 4; lastKnownFileType = sourcecode.swift; path = CalViewController.swift; sourceTree = "<group>"; };
		CD7D29A01FEC541F0098050E /* CalTableViewController.swift */ = {isa = PBXFileReference; fileEncoding = 4; lastKnownFileType = sourcecode.swift; path = CalTableViewController.swift; sourceTree = "<group>"; };
		CD7D29A21FEC5AC30098050E /* MapViewController.swift */ = {isa = PBXFileReference; fileEncoding = 4; lastKnownFileType = sourcecode.swift; path = MapViewController.swift; sourceTree = "<group>"; };
		CD7D29A41FEC623E0098050E /* Home.swift */ = {isa = PBXFileReference; fileEncoding = 4; lastKnownFileType = sourcecode.swift; path = Home.swift; sourceTree = "<group>"; };
/* End PBXFileReference section */

/* Begin PBXFrameworksBuildPhase section */
		CD7D29731FEBF3FC0098050E /* Frameworks */ = {
			isa = PBXFrameworksBuildPhase;
			buildActionMask = 2147483647;
			files = (
			);
			runOnlyForDeploymentPostprocessing = 0;
		};
/* End PBXFrameworksBuildPhase section */

/* Begin PBXGroup section */
		CD7D296D1FEBF3FC0098050E = {
			isa = PBXGroup;
			children = (
				CD7D29781FEBF3FC0098050E /* ASS2 */,
				CD7D29771FEBF3FC0098050E /* Products */,
			);
			sourceTree = "<group>";
		};
		CD7D29771FEBF3FC0098050E /* Products */ = {
			isa = PBXGroup;
			children = (
				CD7D29761FEBF3FC0098050E /* ASS2.app */,
			);
			name = Products;
			sourceTree = "<group>";
		};
		CD7D29781FEBF3FC0098050E /* ASS2 */ = {
			isa = PBXGroup;
			children = (
				CD7D29791FEBF3FC0098050E /* AppDelegate.swift */,
				CD7D297B1FEBF3FC0098050E /* ViewController.swift */,
				CD7D297D1FEBF3FC0098050E /* Main.storyboard */,
				CD7D29831FEBF3FC0098050E /* Assets.xcassets */,
				CD7D29851FEBF3FC0098050E /* LaunchScreen.storyboard */,
				CD7D29881FEBF3FC0098050E /* Info.plist */,
				CD7D29801FEBF3FC0098050E /* ASS2.xcdatamodeld */,
				CD7D298E1FEC03F50098050E /* PayTableViewController.swift */,
				CD7D29901FEC04120098050E /* PayViewController.swift */,
				CD7D29921FEC13AE0098050E /* AramViewController.swift */,
				CD7D299E1FEC4AFE0098050E /* CalViewController.swift */,
				CD7D29A01FEC541F0098050E /* CalTableViewController.swift */,
				CD7D29A21FEC5AC30098050E /* MapViewController.swift */,
				CD7D29A41FEC623E0098050E /* Home.swift */,
				CD119FB21FEC7884000C943E /* DetailViewController.swift */,
			);
			path = ASS2;
			sourceTree = "<group>";
		};
/* End PBXGroup section */

/* Begin PBXNativeTarget section */
		CD7D29751FEBF3FC0098050E /* ASS2 */ = {
			isa = PBXNativeTarget;
			buildConfigurationList = CD7D298B1FEBF3FC0098050E /* Build configuration list for PBXNativeTarget "ASS2" */;
			buildPhases = (
				CD7D29721FEBF3FC0098050E /* Sources */,
				CD7D29731FEBF3FC0098050E /* Frameworks */,
				CD7D29741FEBF3FC0098050E /* Resources */,
			);
			buildRules = (
			);
			dependencies = (
			);
			name = ASS2;
			productName = ASS2;
			productReference = CD7D29761FEBF3FC0098050E /* ASS2.app */;
			productType = "com.apple.product-type.application";
		};
/* End PBXNativeTarget section */

/* Begin PBXProject section */
		CD7D296E1FEBF3FC0098050E /* Project object */ = {
			isa = PBXProject;
			attributes = {
				LastSwiftUpdateCheck = 0830;
				LastUpgradeCheck = 0830;
				ORGANIZATIONNAME = SWUCOMPUTER;
				TargetAttributes = {
					CD7D29751FEBF3FC0098050E = {
						CreatedOnToolsVersion = 8.3.3;
						ProvisioningStyle = Automatic;
					};
				};
			};
			buildConfigurationList = CD7D29711FEBF3FC0098050E /* Build configuration list for PBXProject "ASS2" */;
			compatibilityVersion = "Xcode 3.2";
			developmentRegion = English;
			hasScannedForEncodings = 0;
			knownRegions = (
				en,
				Base,
			);
			mainGroup = CD7D296D1FEBF3FC0098050E;
			productRefGroup = CD7D29771FEBF3FC0098050E /* Products */;
			projectDirPath = "";
			projectRoot = "";
			targets = (
				CD7D29751FEBF3FC0098050E /* ASS2 */,
			);
		};
/* End PBXProject section */

/* Begin PBXResourcesBuildPhase section */
		CD7D29741FEBF3FC0098050E /* Resources */ = {
			isa = PBXResourcesBuildPhase;
			buildActionMask = 2147483647;
			files = (
				CD7D29871FEBF3FC0098050E /* LaunchScreen.storyboard in Resources */,
				CD7D29841FEBF3FC0098050E /* Assets.xcassets in Resources */,
				CD7D297F1FEBF3FC0098050E /* Main.storyboard in Resources */,
			);
			runOnlyForDeploymentPostprocessing = 0;
		};
/* End PBXResourcesBuildPhase section */

/* Begin PBXSourcesBuildPhase section */
		CD7D29721FEBF3FC0098050E /* Sources */ = {
			isa = PBXSourcesBuildPhase;
			buildActionMask = 2147483647;
			files = (
				CD119FB31FEC7884000C943E /* DetailViewController.swift in Sources */,
				CD7D298F1FEC03F50098050E /* PayTableViewController.swift in Sources */,
				CD7D29931FEC13AE0098050E /* AramViewController.swift in Sources */,
				CD7D29A51FEC623E0098050E /* Home.swift in Sources */,
				CD7D29911FEC04120098050E /* PayViewController.swift in Sources */,
				CD7D297C1FEBF3FC0098050E /* ViewController.swift in Sources */,
				CD7D29A31FEC5AC30098050E /* MapViewController.swift in Sources */,
				CD7D297A1FEBF3FC0098050E /* AppDelegate.swift in Sources */,
				CD7D299F1FEC4AFE0098050E /* CalViewController.swift in Sources */,
				CD7D29A11FEC541F0098050E /* CalTableViewController.swift in Sources */,
				CD7D29821FEBF3FC0098050E /* ASS2.xcdatamodeld in Sources */,
			);
			runOnlyForDeploymentPostprocessing = 0;
		};
/* End PBXSourcesBuildPhase section */

/* Begin PBXVariantGroup section */
		CD7D297D1FEBF3FC0098050E /* Main.storyboard */ = {
			isa = PBXVariantGroup;
			children = (
				CD7D297E1FEBF3FC0098050E /* Base */,
			);
			name = Main.storyboard;
			sourceTree = "<group>";
		};
		CD7D29851FEBF3FC0098050E /* LaunchScreen.storyboard */ = {
			isa = PBXVariantGroup;
			children = (
				CD7D29861FEBF3FC0098050E /* Base */,
			);
			name = LaunchScreen.storyboard;
			sourceTree = "<group>";
		};
/* End PBXVariantGroup section */

/* Begin XCBuildConfiguration section */
		CD7D29891FEBF3FC0098050E /* Debug */ = {
			isa = XCBuildConfiguration;
			buildSettings = {
				ALWAYS_SEARCH_USER_PATHS = NO;
				CLANG_ANALYZER_NONNULL = YES;
				CLANG_ANALYZER_NUMBER_OBJECT_CONVERSION = YES_AGGRESSIVE;
				CLANG_CXX_LANGUAGE_STANDARD = "gnu++0x";
				CLANG_CXX_LIBRARY = "libc++";
				CLANG_ENABLE_MODULES = YES;
				CLANG_ENABLE_OBJC_ARC = YES;
				CLANG_WARN_BOOL_CONVERSION = YES;
				CLANG_WARN_CONSTANT_CONVERSION = YES;
				CLANG_WARN_DIRECT_OBJC_ISA_USAGE = YES_ERROR;
				CLANG_WARN_DOCUMENTATION_COMMENTS = YES;
				CLANG_WARN_EMPTY_BODY = YES;
				CLANG_WARN_ENUM_CONVERSION = YES;
				CLANG_WARN_INFINITE_RECURSION = YES;
				CLANG_WARN_INT_CONVERSION = YES;
				CLANG_WARN_OBJC_ROOT_CLASS = YES_ERROR;
				CLANG_WARN_SUSPICIOUS_MOVE = YES;
				CLANG_WARN_UNREACHABLE_CODE = YES;
				CLANG_WARN__DUPLICATE_METHOD_MATCH = YES;
				"CODE_SIGN_IDENTITY[sdk=iphoneos*]" = "iPhone Developer";
				COPY_PHASE_STRIP = NO;
				DEBUG_INFORMATION_FORMAT = dwarf;
				ENABLE_STRICT_OBJC_MSGSEND = YES;
				ENABLE_TESTABILITY = YES;
				GCC_C_LANGUAGE_STANDARD = gnu99;
				GCC_DYNAMIC_NO_PIC = NO;
				GCC_NO_COMMON_BLOCKS = YES;
				GCC_OPTIMIZATION_LEVEL = 0;
				GCC_PREPROCESSOR_DEFINITIONS = (
					"DEBUG=1",
					"$(inherited)",
				);
				GCC_WARN_64_TO_32_BIT_CONVERSION = YES;
				GCC_WARN_ABOUT_RETURN_TYPE = YES_ERROR;
				GCC_WARN_UNDECLARED_SELECTOR = YES;
				GCC_WARN_UNINITIALIZED_AUTOS = YES_AGGRESSIVE;
				GCC_WARN_UNUSED_FUNCTION = YES;
				GCC_WARN_UNUSED_VARIABLE = YES;
				IPHONEOS_DEPLOYMENT_TARGET = 10.3;
				MTL_ENABLE_DEBUG_INFO = YES;
				ONLY_ACTIVE_ARCH = YES;
				SDKROOT = iphoneos;
				SWIFT_ACTIVE_COMPILATION_CONDITIONS = DEBUG;
				SWIFT_OPTIMIZATION_LEVEL = "-Onone";
			};
			name = Debug;
		};
		CD7D298A1FEBF3FC0098050E /* Release */ = {
			isa = XCBuildConfiguration;
			buildSettings = {
				ALWAYS_SEARCH_USER_PATHS = NO;
				CLANG_ANALYZER_NONNULL = YES;
				CLANG_ANALYZER_NUMBER_OBJECT_CONVERSION = YES_AGGRESSIVE;
				CLANG_CXX_LANGUAGE_STANDARD = "gnu++0x";
				CLANG_CXX_LIBRARY = "libc++";
				CLANG_ENABLE_MODULES = YES;
				CLANG_ENABLE_OBJC_ARC = YES;
				CLANG_WARN_BOOL_CONVERSION = YES;
				CLANG_WARN_CONSTANT_CONVERSION = YES;
				CLANG_WARN_DIRECT_OBJC_ISA_USAGE = YES_ERROR;
				CLANG_WARN_DOCUMENTATION_COMMENTS = YES;
				CLANG_WARN_EMPTY_BODY = YES;
				CLANG_WARN_ENUM_CONVERSION = YES;
				CLANG_WARN_INFINITE_RECURSION = YES;
				CLANG_WARN_INT_CONVERSION = YES;
				CLANG_WARN_OBJC_ROOT_CLASS = YES_ERROR;
				CLANG_WARN_SUSPICIOUS_MOVE = YES;
				CLANG_WARN_UNREACHABLE_CODE = YES;
				CLANG_WARN__DUPLICATE_METHOD_MATCH = YES;
				"CODE_SIGN_IDENTITY[sdk=iphoneos*]" = "iPhone Developer";
				COPY_PHASE_STRIP = NO;
				DEBUG_INFORMATION_FORMAT = "dwarf-with-dsym";
				ENABLE_NS_ASSERTIONS = NO;
				ENABLE_STRICT_OBJC_MSGSEND = YES;
				GCC_C_LANGUAGE_STANDARD = gnu99;
				GCC_NO_COMMON_BLOCKS = YES;
				GCC_WARN_64_TO_32_BIT_CONVERSION = YES;
				GCC_WARN_ABOUT_RETURN_TYPE = YES_ERROR;
				GCC_WARN_UNDECLARED_SELECTOR = YES;
				GCC_WARN_UNINITIALIZED_AUTOS = YES_AGGRESSIVE;
				GCC_WARN_UNUSED_FUNCTION = YES;
				GCC_WARN_UNUSED_VARIABLE = YES;
				IPHONEOS_DEPLOYMENT_TARGET = 10.3;
				MTL_ENABLE_DEBUG_INFO = NO;
				SDKROOT = iphoneos;
				SWIFT_OPTIMIZATION_LEVEL = "-Owholemodule";
				VALIDATE_PRODUCT = YES;
			};
			name = Release;
		};
		CD7D298C1FEBF3FC0098050E /* Debug */ = {
			isa = XCBuildConfiguration;
			buildSettings = {
				ASSETCATALOG_COMPILER_APPICON_NAME = AppIcon;
				INFOPLIST_FILE = ASS2/Info.plist;
				LD_RUNPATH_SEARCH_PATHS = "$(inherited) @executable_path/Frameworks";
				PRODUCT_BUNDLE_IDENTIFIER = swu.ac.kr.ASS2;
				PRODUCT_NAME = "$(TARGET_NAME)";
				SWIFT_VERSION = 3.0;
			};
			name = Debug;
		};
		CD7D298D1FEBF3FC0098050E /* Release */ = {
			isa = XCBuildConfiguration;
			buildSettings = {
				ASSETCATALOG_COMPILER_APPICON_NAME = AppIcon;
				INFOPLIST_FILE = ASS2/Info.plist;
				LD_RUNPATH_SEARCH_PATHS = "$(inherited) @executable_path/Frameworks";
				PRODUCT_BUNDLE_IDENTIFIER = swu.ac.kr.ASS2;
				PRODUCT_NAME = "$(TARGET_NAME)";
				SWIFT_VERSION = 3.0;
			};
			name = Release;
		};
/* End XCBuildConfiguration section */

/* Begin XCConfigurationList section */
		CD7D29711FEBF3FC0098050E /* Build configuration list for PBXProject "ASS2" */ = {
			isa = XCConfigurationList;
			buildConfigurations = (
				CD7D29891FEBF3FC0098050E /* Debug */,
				CD7D298A1FEBF3FC0098050E /* Release */,
			);
			defaultConfigurationIsVisible = 0;
			defaultConfigurationName = Release;
		};
		CD7D298B1FEBF3FC0098050E /* Build configuration list for PBXNativeTarget "ASS2" */ = {
			isa = XCConfigurationList;
			buildConfigurations = (
				CD7D298C1FEBF3FC0098050E /* Debug */,
				CD7D298D1FEBF3FC0098050E /* Release */,
			);
			defaultConfigurationIsVisible = 0;
			defaultConfigurationName = Release;
		};
/* End XCConfigurationList section */

/* Begin XCVersionGroup section */
		CD7D29801FEBF3FC0098050E /* ASS2.xcdatamodeld */ = {
			isa = XCVersionGroup;
			children = (
				CD7D29811FEBF3FC0098050E /* ASS2.xcdatamodel */,
			);
			currentVersion = CD7D29811FEBF3FC0098050E /* ASS2.xcdatamodel */;
			path = ASS2.xcdatamodeld;
			sourceTree = "<group>";
			versionGroupType = wrapper.xcdatamodel;
		};
/* End XCVersionGroup section */
	};
	rootObject = CD7D296E1FEBF3FC0098050E /* Project object */;
}
